
Microsoft Visual Studio Solution File, Format Version 12.00
# Visual Studio Version 16
VisualStudioVersion = 16.0.30503.244
MinimumVisualStudioVersion = 10.0.40219.1
Project("{FAE04EC0-301F-11D3-BF4B-00C04F79EFBC}") = "Voting.Web", "Voting.Web\Voting.Web.csproj", "{D040F18D-FA24-4C47-9324-ED40848D8EDF}"
EndProject
Project("{FAE04EC0-301F-11D3-BF4B-00C04F79EFBC}") = "Voting.Data", "Voting.Data\Voting.Data.csproj", "{878E5EB6-B9C5-4A65-9A51-522984C10FB6}"
EndProject
Project("{FAE04EC0-301F-11D3-BF4B-00C04F79EFBC}") = "Voting.Core", "Voting.Core\Voting.Core.csproj", "{FBA210E9-904A-4C68-8426-F1646863B1D4}"
EndProject
Global
	GlobalSection(SolutionConfigurationPlatforms) = preSolution
		Debug|Any CPU = Debug|Any CPU
		Release|Any CPU = Release|Any CPU
	EndGlobalSection
	GlobalSection(ProjectConfigurationPlatforms) = postSolution
		{D040F18D-FA24-4C47-9324-ED40848D8EDF}.Debug|Any CPU.ActiveCfg = Debug|Any CPU
		{D040F18D-FA24-4C47-9324-ED40848D8EDF}.Debug|Any CPU.Build.0 = Debug|Any CPU
		{D040F18D-FA24-4C47-9324-ED40848D8EDF}.Release|Any CPU.ActiveCfg = Release|Any CPU
		{D040F18D-FA24-4C47-9324-ED40848D8EDF}.Release|Any CPU.Build.0 = Release|Any CPU
		{878E5EB6-B9C5-4A65-9A51-522984C10FB6}.Debug|Any CPU.ActiveCfg = Debug|Any CPU
		{878E5EB6-B9C5-4A65-9A51-522984C10FB6}.Debug|Any CPU.Build.0 = Debug|Any CPU
		{878E5EB6-B9C5-4A65-9A51-522984C10FB6}.Release|Any CPU.ActiveCfg = Release|Any CPU
		{878E5EB6-B9C5-4A65-9A51-522984C10FB6}.Release|Any CPU.Build.0 = Release|Any CPU
		{FBA210E9-904A-4C68-8426-F1646863B1D4}.Debug|Any CPU.ActiveCfg = Debug|Any CPU
		{FBA210E9-904A-4C68-8426-F1646863B1D4}.Debug|Any CPU.Build.0 = Debug|Any CPU
		{FBA210E9-904A-4C68-8426-F1646863B1D4}.Release|Any CPU.ActiveCfg = Release|Any CPU
		{FBA210E9-904A-4C68-8426-F1646863B1D4}.Release|Any CPU.Build.0 = Release|Any CPU
	EndGlobalSection
	GlobalSection(SolutionProperties) = preSolution
		HideSolutionNode = FALSE
	EndGlobalSection
	GlobalSection(ExtensibilityGlobals) = postSolution
		SolutionGuid = {CB885358-4B38-4F5F-AE2F-255395E18480}
	EndGlobalSection
EndGlobal
